{
  "name": "playwright-mark",
  "version": "1.0.0",
  "lockfileVersion": 3,
  "requires": true,
  "packages": {
    "": {
      "name": "playwright-mark",
      "version": "1.0.0",
      "license": "MIT",
      "dependencies": {
        "@faker-js/faker": "^8.0.2"
      },
      "devDependencies": {
        "@playwright/test": "^1.32.1"
      }
    },
    "node_modules/@faker-js/faker": {
      "version": "8.0.2",
      "resolved": "https://registry.npmjs.org/@faker-js/faker/-/faker-8.0.2.tgz",
      "integrity": "sha512-Uo3pGspElQW91PCvKSIAXoEgAUlRnH29sX2/p89kg7sP1m2PzCufHINd0FhTXQf6DYGiUlVncdSPa2F9wxed2A==",
      "funding": [
        {
          "type": "opencollective",
          "url": "https://opencollective.com/fakerjs"
        }
      ],
      "engines": {
        "node": "^14.17.0 || ^16.13.0 || >=18.0.0",
        "npm": ">=6.14.13"
      }
    },
    "node_modules/@playwright/test": {
      "version": "1.32.1",
      "resolved": "https://registry.npmjs.org/@playwright/test/-/test-1.32.1.tgz",
      "integrity": "sha512-FTwjCuhlm1qHUGf4hWjfr64UMJD/z0hXYbk+O387Ioe6WdyZQ+0TBDAc6P+pHjx2xCv1VYNgrKbYrNixFWy4Dg==",
      "dev": true,
      "license": "Apache-2.0",
      "dependencies": {
        "@types/node": "*",
        "playwright-core": "1.32.1"
      },
      "bin": {
        "playwright": "cli.js"
      },
      "engines": {
        "node": ">=14"
      },
      "optionalDependencies": {
        "fsevents": "2.3.2"
      }
    },
    "node_modules/@types/node": {
      "version": "18.15.9",
      "resolved": "https://registry.npmjs.org/@types/node/-/node-18.15.9.tgz",
      "integrity": "sha512-dUxhiNzBLr6IqlZXz6e/rN2YQXlFgOei/Dxy+e3cyXTJ4txSUbGT2/fmnD6zd/75jDMeW5bDee+YXxlFKHoV0A==",
      "dev": true,
      "license": "MIT"
    },
    "node_modules/playwright-core": {
      "version": "1.32.1",
      "resolved": "https://registry.npmjs.org/playwright-core/-/playwright-core-1.32.1.tgz",
      "integrity": "sha512-KZYUQC10mXD2Am1rGlidaalNGYk3LU1vZqqNk0gT4XPty1jOqgup8KDP8l2CUlqoNKhXM5IfGjWgW37xvGllBA==",
      "dev": true,
      "license": "Apache-2.0",
      "bin": {
        "playwright": "cli.js"
      },
      "engines": {
        "node": ">=14"
      }
    }
  }
}
